// !$*UTF8*$!
{
	archiveVersion = 1;
	classes = {
	};
	objectVersion = 51;
	objects = {

/* Begin PBXBuildFile section */
		2F671A44D4EFD12054B0117F /* Pods_OpenBankMobile.framework in Frameworks */ = {isa = PBXBuildFile; fileRef = 6DDBB7E3DCFC62DEEF5533BC /* Pods_OpenBankMobile.framework */; };
		6CADC9FDBFF4CFE7A09F216F /* Pods_OpenBankMobile_OpenBankMobileUITests.framework in Frameworks */ = {isa = PBXBuildFile; fileRef = F94D77E85D8AB8863A3115FB /* Pods_OpenBankMobile_OpenBankMobileUITests.framework */; };
		9CA066D626F24DE00008E961 /* AppDelegate.swift in Sources */ = {isa = PBXBuildFile; fileRef = 9CA066D526F24DE00008E961 /* AppDelegate.swift */; };
		9CA066DA26F24DE00008E961 /* ViewController.swift in Sources */ = {isa = PBXBuildFile; fileRef = 9CA066D926F24DE00008E961 /* ViewController.swift */; };
		9CA066DF26F24DE20008E961 /* Assets.xcassets in Resources */ = {isa = PBXBuildFile; fileRef = 9CA066DE26F24DE20008E961 /* Assets.xcassets */; };
		9CA066E226F24DE20008E961 /* LaunchScreen.storyboard in Resources */ = {isa = PBXBuildFile; fileRef = 9CA066E026F24DE20008E961 /* LaunchScreen.storyboard */; };
		9CA066ED26F24DE20008E961 /* OpenBankMobileTests.swift in Sources */ = {isa = PBXBuildFile; fileRef = 9CA066EC26F24DE20008E961 /* OpenBankMobileTests.swift */; };
		9CA066F826F24DE20008E961 /* OpenBankMobileUITests.swift in Sources */ = {isa = PBXBuildFile; fileRef = 9CA066F726F24DE20008E961 /* OpenBankMobileUITests.swift */; };
		9CA0670726F253650008E961 /* APIClient.swift in Sources */ = {isa = PBXBuildFile; fileRef = 9CA0670626F253650008E961 /* APIClient.swift */; };
		9CA0670926F253950008E961 /* APIConfiguration.swift in Sources */ = {isa = PBXBuildFile; fileRef = 9CA0670826F253950008E961 /* APIConfiguration.swift */; };
		9CA0670B26F253CC0008E961 /* APIError.swift in Sources */ = {isa = PBXBuildFile; fileRef = 9CA0670A26F253CC0008E961 /* APIError.swift */; };
		9CA0670D26F253F80008E961 /* OnResult.swift in Sources */ = {isa = PBXBuildFile; fileRef = 9CA0670C26F253F80008E961 /* OnResult.swift */; };
		9CA0671026F266C10008E961 /* Constants.swift in Sources */ = {isa = PBXBuildFile; fileRef = 9CA0670F26F266C10008E961 /* Constants.swift */; };
		9CA0671226F267730008E961 /* StoryboardInitiable.swift in Sources */ = {isa = PBXBuildFile; fileRef = 9CA0671126F267730008E961 /* StoryboardInitiable.swift */; };
		9CA0671526F267E80008E961 /* AppCoordinator.swift in Sources */ = {isa = PBXBuildFile; fileRef = 9CA0671426F267E80008E961 /* AppCoordinator.swift */; };
		9CA0671826F2684E0008E961 /* Coordinator.swift in Sources */ = {isa = PBXBuildFile; fileRef = 9CA0671726F2684E0008E961 /* Coordinator.swift */; };
		9CA0671B26F268CF0008E961 /* RootCoordinator.swift in Sources */ = {isa = PBXBuildFile; fileRef = 9CA0671A26F268CF0008E961 /* RootCoordinator.swift */; };
		9CA0671E26F269BE0008E961 /* RootViewController.swift in Sources */ = {isa = PBXBuildFile; fileRef = 9CA0671D26F269BE0008E961 /* RootViewController.swift */; };
		9CA0672026F26AF40008E961 /* RootViewModel.swift in Sources */ = {isa = PBXBuildFile; fileRef = 9CA0671F26F26AF40008E961 /* RootViewModel.swift */; };
		9CA0672426F784B60008E961 /* RootView.storyboard in Resources */ = {isa = PBXBuildFile; fileRef = 9CA0672326F784B60008E961 /* RootView.storyboard */; };
		9CA0672826F787520008E961 /* SuperHeroesRepository.swift in Sources */ = {isa = PBXBuildFile; fileRef = 9CA0672726F787520008E961 /* SuperHeroesRepository.swift */; };
		9CA0672B26F788470008E961 /* FetchSuperHeroesResponse.swift in Sources */ = {isa = PBXBuildFile; fileRef = 9CA0672A26F788470008E961 /* FetchSuperHeroesResponse.swift */; };
		9CA0672D26F788D10008E961 /* SuperHeroesServiceRequest.swift in Sources */ = {isa = PBXBuildFile; fileRef = 9CA0672C26F788D10008E961 /* SuperHeroesServiceRequest.swift */; };
		9CA0672F26F78E640008E961 /* FetchSuperHeroesResponse+mapper+mapper.swift in Sources */ = {isa = PBXBuildFile; fileRef = 9CA0672E26F78E640008E961 /* FetchSuperHeroesResponse+mapper+mapper.swift */; };
		9CA0673226F792070008E961 /* SuperHero.swift in Sources */ = {isa = PBXBuildFile; fileRef = 9CA0673126F792070008E961 /* SuperHero.swift */; };
		9CA0673426F7A0A40008E961 /* MD5.swift in Sources */ = {isa = PBXBuildFile; fileRef = 9CA0673326F7A0A40008E961 /* MD5.swift */; };
		9CA0673626F7BBA60008E961 /* FetchSuperHeroesRequestParams.swift in Sources */ = {isa = PBXBuildFile; fileRef = 9CA0673526F7BBA60008E961 /* FetchSuperHeroesRequestParams.swift */; };
		9CA0673A26F7BD510008E961 /* Encodable+Extension.swift in Sources */ = {isa = PBXBuildFile; fileRef = 9CA0673926F7BD510008E961 /* Encodable+Extension.swift */; };
		DCB30AD60D863A46BE1193A8 /* Pods_OpenBankMobileTests.framework in Frameworks */ = {isa = PBXBuildFile; fileRef = 0BBB9B7C98986D78977C0A82 /* Pods_OpenBankMobileTests.framework */; };
/* End PBXBuildFile section */

/* Begin PBXContainerItemProxy section */
		9CA066E926F24DE20008E961 /* PBXContainerItemProxy */ = {
			isa = PBXContainerItemProxy;
			containerPortal = 9CA066CA26F24DE00008E961 /* Project object */;
			proxyType = 1;
			remoteGlobalIDString = 9CA066D126F24DE00008E961;
			remoteInfo = OpenBankMobile;
		};
		9CA066F426F24DE20008E961 /* PBXContainerItemProxy */ = {
			isa = PBXContainerItemProxy;
			containerPortal = 9CA066CA26F24DE00008E961 /* Project object */;
			proxyType = 1;
			remoteGlobalIDString = 9CA066D126F24DE00008E961;
			remoteInfo = OpenBankMobile;
		};
/* End PBXContainerItemProxy section */

/* Begin PBXFileReference section */
		0BBB9B7C98986D78977C0A82 /* Pods_OpenBankMobileTests.framework */ = {isa = PBXFileReference; explicitFileType = wrapper.framework; includeInIndex = 0; path = Pods_OpenBankMobileTests.framework; sourceTree = BUILT_PRODUCTS_DIR; };
		1E7C894A4E648A62BD91BF24 /* Pods-OpenBankMobileTests.debug.xcconfig */ = {isa = PBXFileReference; includeInIndex = 1; lastKnownFileType = text.xcconfig; name = "Pods-OpenBankMobileTests.debug.xcconfig"; path = "Target Support Files/Pods-OpenBankMobileTests/Pods-OpenBankMobileTests.debug.xcconfig"; sourceTree = "<group>"; };
		2123E935F2997DD446E461B7 /* Pods-OpenBankMobile.debug.xcconfig */ = {isa = PBXFileReference; includeInIndex = 1; lastKnownFileType = text.xcconfig; name = "Pods-OpenBankMobile.debug.xcconfig"; path = "Target Support Files/Pods-OpenBankMobile/Pods-OpenBankMobile.debug.xcconfig"; sourceTree = "<group>"; };
		37971A0C8CD2B3F7397E00F3 /* Pods-OpenBankMobile.release.xcconfig */ = {isa = PBXFileReference; includeInIndex = 1; lastKnownFileType = text.xcconfig; name = "Pods-OpenBankMobile.release.xcconfig"; path = "Target Support Files/Pods-OpenBankMobile/Pods-OpenBankMobile.release.xcconfig"; sourceTree = "<group>"; };
		47E53C19611C9AA9AD0A2B58 /* Pods-OpenBankMobile-OpenBankMobileUITests.release.xcconfig */ = {isa = PBXFileReference; includeInIndex = 1; lastKnownFileType = text.xcconfig; name = "Pods-OpenBankMobile-OpenBankMobileUITests.release.xcconfig"; path = "Target Support Files/Pods-OpenBankMobile-OpenBankMobileUITests/Pods-OpenBankMobile-OpenBankMobileUITests.release.xcconfig"; sourceTree = "<group>"; };
		6DDBB7E3DCFC62DEEF5533BC /* Pods_OpenBankMobile.framework */ = {isa = PBXFileReference; explicitFileType = wrapper.framework; includeInIndex = 0; path = Pods_OpenBankMobile.framework; sourceTree = BUILT_PRODUCTS_DIR; };
		7C01C0DE31614B989CA94B16 /* Pods-OpenBankMobileTests.release.xcconfig */ = {isa = PBXFileReference; includeInIndex = 1; lastKnownFileType = text.xcconfig; name = "Pods-OpenBankMobileTests.release.xcconfig"; path = "Target Support Files/Pods-OpenBankMobileTests/Pods-OpenBankMobileTests.release.xcconfig"; sourceTree = "<group>"; };
		8D6AD4406DED9B402E393B5E /* Pods-OpenBankMobile-OpenBankMobileUITests.debug.xcconfig */ = {isa = PBXFileReference; includeInIndex = 1; lastKnownFileType = text.xcconfig; name = "Pods-OpenBankMobile-OpenBankMobileUITests.debug.xcconfig"; path = "Target Support Files/Pods-OpenBankMobile-OpenBankMobileUITests/Pods-OpenBankMobile-OpenBankMobileUITests.debug.xcconfig"; sourceTree = "<group>"; };
		9CA066D226F24DE00008E961 /* OpenBankMobile.app */ = {isa = PBXFileReference; explicitFileType = wrapper.application; includeInIndex = 0; path = OpenBankMobile.app; sourceTree = BUILT_PRODUCTS_DIR; };
		9CA066D526F24DE00008E961 /* AppDelegate.swift */ = {isa = PBXFileReference; lastKnownFileType = sourcecode.swift; path = AppDelegate.swift; sourceTree = "<group>"; };
		9CA066D926F24DE00008E961 /* ViewController.swift */ = {isa = PBXFileReference; lastKnownFileType = sourcecode.swift; path = ViewController.swift; sourceTree = "<group>"; };
		9CA066DE26F24DE20008E961 /* Assets.xcassets */ = {isa = PBXFileReference; lastKnownFileType = folder.assetcatalog; path = Assets.xcassets; sourceTree = "<group>"; };
		9CA066E126F24DE20008E961 /* Base */ = {isa = PBXFileReference; lastKnownFileType = file.storyboard; name = Base; path = Base.lproj/LaunchScreen.storyboard; sourceTree = "<group>"; };
		9CA066E326F24DE20008E961 /* Info.plist */ = {isa = PBXFileReference; lastKnownFileType = text.plist.xml; path = Info.plist; sourceTree = "<group>"; };
		9CA066E826F24DE20008E961 /* OpenBankMobileTests.xctest */ = {isa = PBXFileReference; explicitFileType = wrapper.cfbundle; includeInIndex = 0; path = OpenBankMobileTests.xctest; sourceTree = BUILT_PRODUCTS_DIR; };
		9CA066EC26F24DE20008E961 /* OpenBankMobileTests.swift */ = {isa = PBXFileReference; lastKnownFileType = sourcecode.swift; path = OpenBankMobileTests.swift; sourceTree = "<group>"; };
		9CA066EE26F24DE20008E961 /* Info.plist */ = {isa = PBXFileReference; lastKnownFileType = text.plist.xml; path = Info.plist; sourceTree = "<group>"; };
		9CA066F326F24DE20008E961 /* OpenBankMobileUITests.xctest */ = {isa = PBXFileReference; explicitFileType = wrapper.cfbundle; includeInIndex = 0; path = OpenBankMobileUITests.xctest; sourceTree = BUILT_PRODUCTS_DIR; };
		9CA066F726F24DE20008E961 /* OpenBankMobileUITests.swift */ = {isa = PBXFileReference; lastKnownFileType = sourcecode.swift; path = OpenBankMobileUITests.swift; sourceTree = "<group>"; };
		9CA066F926F24DE20008E961 /* Info.plist */ = {isa = PBXFileReference; lastKnownFileType = text.plist.xml; path = Info.plist; sourceTree = "<group>"; };
		9CA0670626F253650008E961 /* APIClient.swift */ = {isa = PBXFileReference; lastKnownFileType = sourcecode.swift; path = APIClient.swift; sourceTree = "<group>"; };
		9CA0670826F253950008E961 /* APIConfiguration.swift */ = {isa = PBXFileReference; lastKnownFileType = sourcecode.swift; path = APIConfiguration.swift; sourceTree = "<group>"; };
		9CA0670A26F253CC0008E961 /* APIError.swift */ = {isa = PBXFileReference; lastKnownFileType = sourcecode.swift; path = APIError.swift; sourceTree = "<group>"; };
		9CA0670C26F253F80008E961 /* OnResult.swift */ = {isa = PBXFileReference; lastKnownFileType = sourcecode.swift; path = OnResult.swift; sourceTree = "<group>"; };
		9CA0670F26F266C10008E961 /* Constants.swift */ = {isa = PBXFileReference; lastKnownFileType = sourcecode.swift; path = Constants.swift; sourceTree = "<group>"; };
		9CA0671126F267730008E961 /* StoryboardInitiable.swift */ = {isa = PBXFileReference; lastKnownFileType = sourcecode.swift; path = StoryboardInitiable.swift; sourceTree = "<group>"; };
		9CA0671426F267E80008E961 /* AppCoordinator.swift */ = {isa = PBXFileReference; lastKnownFileType = sourcecode.swift; path = AppCoordinator.swift; sourceTree = "<group>"; };
		9CA0671726F2684E0008E961 /* Coordinator.swift */ = {isa = PBXFileReference; lastKnownFileType = sourcecode.swift; path = Coordinator.swift; sourceTree = "<group>"; };
		9CA0671A26F268CF0008E961 /* RootCoordinator.swift */ = {isa = PBXFileReference; lastKnownFileType = sourcecode.swift; path = RootCoordinator.swift; sourceTree = "<group>"; };
		9CA0671D26F269BE0008E961 /* RootViewController.swift */ = {isa = PBXFileReference; lastKnownFileType = sourcecode.swift; path = RootViewController.swift; sourceTree = "<group>"; };
		9CA0671F26F26AF40008E961 /* RootViewModel.swift */ = {isa = PBXFileReference; lastKnownFileType = sourcecode.swift; path = RootViewModel.swift; sourceTree = "<group>"; };
		9CA0672326F784B60008E961 /* RootView.storyboard */ = {isa = PBXFileReference; lastKnownFileType = file.storyboard; path = RootView.storyboard; sourceTree = "<group>"; };
		9CA0672726F787520008E961 /* SuperHeroesRepository.swift */ = {isa = PBXFileReference; lastKnownFileType = sourcecode.swift; name = SuperHeroesRepository.swift; path = ../../../../../SuperHeroesRepository.swift; sourceTree = "<group>"; };
		9CA0672A26F788470008E961 /* FetchSuperHeroesResponse.swift */ = {isa = PBXFileReference; lastKnownFileType = sourcecode.swift; path = FetchSuperHeroesResponse.swift; sourceTree = "<group>"; };
		9CA0672C26F788D10008E961 /* SuperHeroesServiceRequest.swift */ = {isa = PBXFileReference; lastKnownFileType = sourcecode.swift; path = SuperHeroesServiceRequest.swift; sourceTree = "<group>"; };
		9CA0672E26F78E640008E961 /* FetchSuperHeroesResponse+mapper+mapper.swift */ = {isa = PBXFileReference; lastKnownFileType = sourcecode.swift; path = "FetchSuperHeroesResponse+mapper+mapper.swift"; sourceTree = "<group>"; };
		9CA0673126F792070008E961 /* SuperHero.swift */ = {isa = PBXFileReference; lastKnownFileType = sourcecode.swift; path = SuperHero.swift; sourceTree = "<group>"; };
		9CA0673326F7A0A40008E961 /* MD5.swift */ = {isa = PBXFileReference; lastKnownFileType = sourcecode.swift; path = MD5.swift; sourceTree = "<group>"; };
		9CA0673526F7BBA60008E961 /* FetchSuperHeroesRequestParams.swift */ = {isa = PBXFileReference; lastKnownFileType = sourcecode.swift; path = FetchSuperHeroesRequestParams.swift; sourceTree = "<group>"; };
		9CA0673926F7BD510008E961 /* Encodable+Extension.swift */ = {isa = PBXFileReference; lastKnownFileType = sourcecode.swift; path = "Encodable+Extension.swift"; sourceTree = "<group>"; };
		F94D77E85D8AB8863A3115FB /* Pods_OpenBankMobile_OpenBankMobileUITests.framework */ = {isa = PBXFileReference; explicitFileType = wrapper.framework; includeInIndex = 0; path = Pods_OpenBankMobile_OpenBankMobileUITests.framework; sourceTree = BUILT_PRODUCTS_DIR; };
/* End PBXFileReference section */

/* Begin PBXFrameworksBuildPhase section */
		9CA066CF26F24DE00008E961 /* Frameworks */ = {
			isa = PBXFrameworksBuildPhase;
			buildActionMask = 2147483647;
			files = (
				2F671A44D4EFD12054B0117F /* Pods_OpenBankMobile.framework in Frameworks */,
			);
			runOnlyForDeploymentPostprocessing = 0;
		};
		9CA066E526F24DE20008E961 /* Frameworks */ = {
			isa = PBXFrameworksBuildPhase;
			buildActionMask = 2147483647;
			files = (
				DCB30AD60D863A46BE1193A8 /* Pods_OpenBankMobileTests.framework in Frameworks */,
			);
			runOnlyForDeploymentPostprocessing = 0;
		};
		9CA066F026F24DE20008E961 /* Frameworks */ = {
			isa = PBXFrameworksBuildPhase;
			buildActionMask = 2147483647;
			files = (
				6CADC9FDBFF4CFE7A09F216F /* Pods_OpenBankMobile_OpenBankMobileUITests.framework in Frameworks */,
			);
			runOnlyForDeploymentPostprocessing = 0;
		};
/* End PBXFrameworksBuildPhase section */

/* Begin PBXGroup section */
		9CA066C926F24DE00008E961 = {
			isa = PBXGroup;
			children = (
				9CA066D426F24DE00008E961 /* OpenBankMobile */,
				9CA066EB26F24DE20008E961 /* OpenBankMobileTests */,
				9CA066F626F24DE20008E961 /* OpenBankMobileUITests */,
				9CA066D326F24DE00008E961 /* Products */,
				C31292F02F4EF7EC09F47E49 /* Pods */,
				C13478F9BD02DCA06B487464 /* Frameworks */,
			);
			sourceTree = "<group>";
		};
		9CA066D326F24DE00008E961 /* Products */ = {
			isa = PBXGroup;
			children = (
				9CA066D226F24DE00008E961 /* OpenBankMobile.app */,
				9CA066E826F24DE20008E961 /* OpenBankMobileTests.xctest */,
				9CA066F326F24DE20008E961 /* OpenBankMobileUITests.xctest */,
			);
			name = Products;
			sourceTree = "<group>";
		};
		9CA066D426F24DE00008E961 /* OpenBankMobile */ = {
			isa = PBXGroup;
			children = (
				9CA0673026F791EC0008E961 /* Model */,
				9CA0672526F787170008E961 /* Repositories */,
				9CA0671C26F269950008E961 /* Scenes */,
				9CA0671626F2683F0008E961 /* Base */,
				9CA0671326F267910008E961 /* Bootstrap */,
				9CA0670E26F266A10008E961 /* Helpers */,
				9CA0670526F253450008E961 /* Networking */,
				9CA066D926F24DE00008E961 /* ViewController.swift */,
				9CA066DE26F24DE20008E961 /* Assets.xcassets */,
				9CA066E026F24DE20008E961 /* LaunchScreen.storyboard */,
				9CA066E326F24DE20008E961 /* Info.plist */,
			);
			path = OpenBankMobile;
			sourceTree = "<group>";
		};
		9CA066EB26F24DE20008E961 /* OpenBankMobileTests */ = {
			isa = PBXGroup;
			children = (
				9CA066EC26F24DE20008E961 /* OpenBankMobileTests.swift */,
				9CA066EE26F24DE20008E961 /* Info.plist */,
			);
			path = OpenBankMobileTests;
			sourceTree = "<group>";
		};
		9CA066F626F24DE20008E961 /* OpenBankMobileUITests */ = {
			isa = PBXGroup;
			children = (
				9CA066F726F24DE20008E961 /* OpenBankMobileUITests.swift */,
				9CA066F926F24DE20008E961 /* Info.plist */,
			);
			path = OpenBankMobileUITests;
			sourceTree = "<group>";
		};
		9CA0670526F253450008E961 /* Networking */ = {
			isa = PBXGroup;
			children = (
				9CA0670626F253650008E961 /* APIClient.swift */,
				9CA0670826F253950008E961 /* APIConfiguration.swift */,
				9CA0670A26F253CC0008E961 /* APIError.swift */,
				9CA0670C26F253F80008E961 /* OnResult.swift */,
			);
			path = Networking;
			sourceTree = "<group>";
		};
		9CA0670E26F266A10008E961 /* Helpers */ = {
			isa = PBXGroup;
			children = (
				9CA0673826F7BD340008E961 /* Extensions */,
				9CA0670F26F266C10008E961 /* Constants.swift */,
				9CA0671126F267730008E961 /* StoryboardInitiable.swift */,
				9CA0673326F7A0A40008E961 /* MD5.swift */,
			);
			path = Helpers;
			sourceTree = "<group>";
		};
		9CA0671326F267910008E961 /* Bootstrap */ = {
			isa = PBXGroup;
			children = (
				9CA0671426F267E80008E961 /* AppCoordinator.swift */,
				9CA066D526F24DE00008E961 /* AppDelegate.swift */,
			);
			path = Bootstrap;
			sourceTree = "<group>";
		};
		9CA0671626F2683F0008E961 /* Base */ = {
			isa = PBXGroup;
			children = (
				9CA0671726F2684E0008E961 /* Coordinator.swift */,
			);
			path = Base;
			sourceTree = "<group>";
		};
		9CA0671926F268B60008E961 /* Root */ = {
			isa = PBXGroup;
			children = (
				9CA0671A26F268CF0008E961 /* RootCoordinator.swift */,
				9CA0671D26F269BE0008E961 /* RootViewController.swift */,
				9CA0671F26F26AF40008E961 /* RootViewModel.swift */,
				9CA0672326F784B60008E961 /* RootView.storyboard */,
			);
			path = Root;
			sourceTree = "<group>";
		};
		9CA0671C26F269950008E961 /* Scenes */ = {
			isa = PBXGroup;
			children = (
				9CA0671926F268B60008E961 /* Root */,
			);
			path = Scenes;
			sourceTree = "<group>";
		};
		9CA0672526F787170008E961 /* Repositories */ = {
			isa = PBXGroup;
			children = (
				9CA0672626F787240008E961 /* SuperHeroes */,
			);
			path = Repositories;
			sourceTree = "<group>";
		};
		9CA0672626F787240008E961 /* SuperHeroes */ = {
			isa = PBXGroup;
			children = (
				9CA0673726F7BBB00008E961 /* RequestParams */,
				9CA0672926F7882A0008E961 /* Responses */,
				9CA0672726F787520008E961 /* SuperHeroesRepository.swift */,
				9CA0672C26F788D10008E961 /* SuperHeroesServiceRequest.swift */,
				9CA0672E26F78E640008E961 /* FetchSuperHeroesResponse+mapper+mapper.swift */,
			);
			path = SuperHeroes;
			sourceTree = "<group>";
		};
		9CA0672926F7882A0008E961 /* Responses */ = {
			isa = PBXGroup;
			children = (
				9CA0672A26F788470008E961 /* FetchSuperHeroesResponse.swift */,
			);
			path = Responses;
			sourceTree = "<group>";
		};
		9CA0673026F791EC0008E961 /* Model */ = {
			isa = PBXGroup;
			children = (
				9CA0673126F792070008E961 /* SuperHero.swift */,
			);
			path = Model;
			sourceTree = "<group>";
		};
		9CA0673726F7BBB00008E961 /* RequestParams */ = {
			isa = PBXGroup;
			children = (
				9CA0673526F7BBA60008E961 /* FetchSuperHeroesRequestParams.swift */,
			);
			path = RequestParams;
			sourceTree = "<group>";
		};
		9CA0673826F7BD340008E961 /* Extensions */ = {
			isa = PBXGroup;
			children = (
				9CA0673926F7BD510008E961 /* Encodable+Extension.swift */,
			);
			path = Extensions;
			sourceTree = "<group>";
		};
		C13478F9BD02DCA06B487464 /* Frameworks */ = {
			isa = PBXGroup;
			children = (
				6DDBB7E3DCFC62DEEF5533BC /* Pods_OpenBankMobile.framework */,
				F94D77E85D8AB8863A3115FB /* Pods_OpenBankMobile_OpenBankMobileUITests.framework */,
				0BBB9B7C98986D78977C0A82 /* Pods_OpenBankMobileTests.framework */,
			);
			name = Frameworks;
			sourceTree = "<group>";
		};
		C31292F02F4EF7EC09F47E49 /* Pods */ = {
			isa = PBXGroup;
			children = (
				2123E935F2997DD446E461B7 /* Pods-OpenBankMobile.debug.xcconfig */,
				37971A0C8CD2B3F7397E00F3 /* Pods-OpenBankMobile.release.xcconfig */,
				8D6AD4406DED9B402E393B5E /* Pods-OpenBankMobile-OpenBankMobileUITests.debug.xcconfig */,
				47E53C19611C9AA9AD0A2B58 /* Pods-OpenBankMobile-OpenBankMobileUITests.release.xcconfig */,
				1E7C894A4E648A62BD91BF24 /* Pods-OpenBankMobileTests.debug.xcconfig */,
				7C01C0DE31614B989CA94B16 /* Pods-OpenBankMobileTests.release.xcconfig */,
			);
			path = Pods;
			sourceTree = "<group>";
		};
/* End PBXGroup section */

/* Begin PBXNativeTarget section */
		9CA066D126F24DE00008E961 /* OpenBankMobile */ = {
			isa = PBXNativeTarget;
			buildConfigurationList = 9CA066FC26F24DE20008E961 /* Build configuration list for PBXNativeTarget "OpenBankMobile" */;
			buildPhases = (
				8ACD43EF7D528E258A042451 /* [CP] Check Pods Manifest.lock */,
				9CA066CE26F24DE00008E961 /* Sources */,
				9CA066CF26F24DE00008E961 /* Frameworks */,
				9CA066D026F24DE00008E961 /* Resources */,
				6EBE1EBA6D4A0F0F7C9531C9 /* [CP] Embed Pods Frameworks */,
			);
			buildRules = (
			);
			dependencies = (
			);
			name = OpenBankMobile;
			productName = OpenBankMobile;
			productReference = 9CA066D226F24DE00008E961 /* OpenBankMobile.app */;
			productType = "com.apple.product-type.application";
		};
		9CA066E726F24DE20008E961 /* OpenBankMobileTests */ = {
			isa = PBXNativeTarget;
			buildConfigurationList = 9CA066FF26F24DE20008E961 /* Build configuration list for PBXNativeTarget "OpenBankMobileTests" */;
			buildPhases = (
				4F698854F7F8096F6D6F79C6 /* [CP] Check Pods Manifest.lock */,
				9CA066E426F24DE20008E961 /* Sources */,
				9CA066E526F24DE20008E961 /* Frameworks */,
				9CA066E626F24DE20008E961 /* Resources */,
			);
			buildRules = (
			);
			dependencies = (
				9CA066EA26F24DE20008E961 /* PBXTargetDependency */,
			);
			name = OpenBankMobileTests;
			productName = OpenBankMobileTests;
			productReference = 9CA066E826F24DE20008E961 /* OpenBankMobileTests.xctest */;
			productType = "com.apple.product-type.bundle.unit-test";
		};
		9CA066F226F24DE20008E961 /* OpenBankMobileUITests */ = {
			isa = PBXNativeTarget;
			buildConfigurationList = 9CA0670226F24DE20008E961 /* Build configuration list for PBXNativeTarget "OpenBankMobileUITests" */;
			buildPhases = (
				BCE06864F76B60F51B4C8AB4 /* [CP] Check Pods Manifest.lock */,
				9CA066EF26F24DE20008E961 /* Sources */,
				9CA066F026F24DE20008E961 /* Frameworks */,
				9CA066F126F24DE20008E961 /* Resources */,
				829EF48DD780053E7B265A24 /* [CP] Embed Pods Frameworks */,
			);
			buildRules = (
			);
			dependencies = (
				9CA066F526F24DE20008E961 /* PBXTargetDependency */,
			);
			name = OpenBankMobileUITests;
			productName = OpenBankMobileUITests;
			productReference = 9CA066F326F24DE20008E961 /* OpenBankMobileUITests.xctest */;
			productType = "com.apple.product-type.bundle.ui-testing";
		};
/* End PBXNativeTarget section */

/* Begin PBXProject section */
		9CA066CA26F24DE00008E961 /* Project object */ = {
			isa = PBXProject;
			attributes = {
				LastSwiftUpdateCheck = 1250;
				LastUpgradeCheck = 1250;
				TargetAttributes = {
					9CA066D126F24DE00008E961 = {
						CreatedOnToolsVersion = 12.5.1;
					};
					9CA066E726F24DE20008E961 = {
						CreatedOnToolsVersion = 12.5.1;
						TestTargetID = 9CA066D126F24DE00008E961;
					};
					9CA066F226F24DE20008E961 = {
						CreatedOnToolsVersion = 12.5.1;
						TestTargetID = 9CA066D126F24DE00008E961;
					};
				};
			};
			buildConfigurationList = 9CA066CD26F24DE00008E961 /* Build configuration list for PBXProject "OpenBankMobile" */;
			compatibilityVersion = "Xcode 9.3";
			developmentRegion = en;
			hasScannedForEncodings = 0;
			knownRegions = (
				en,
				Base,
			);
			mainGroup = 9CA066C926F24DE00008E961;
			productRefGroup = 9CA066D326F24DE00008E961 /* Products */;
			projectDirPath = "";
			projectRoot = "";
			targets = (
				9CA066D126F24DE00008E961 /* OpenBankMobile */,
				9CA066E726F24DE20008E961 /* OpenBankMobileTests */,
				9CA066F226F24DE20008E961 /* OpenBankMobileUITests */,
			);
		};
/* End PBXProject section */

/* Begin PBXResourcesBuildPhase section */
		9CA066D026F24DE00008E961 /* Resources */ = {
			isa = PBXResourcesBuildPhase;
			buildActionMask = 2147483647;
			files = (
				9CA0672426F784B60008E961 /* RootView.storyboard in Resources */,
				9CA066E226F24DE20008E961 /* LaunchScreen.storyboard in Resources */,
				9CA066DF26F24DE20008E961 /* Assets.xcassets in Resources */,
			);
			runOnlyForDeploymentPostprocessing = 0;
		};
		9CA066E626F24DE20008E961 /* Resources */ = {
			isa = PBXResourcesBuildPhase;
			buildActionMask = 2147483647;
			files = (
			);
			runOnlyForDeploymentPostprocessing = 0;
		};
		9CA066F126F24DE20008E961 /* Resources */ = {
			isa = PBXResourcesBuildPhase;
			buildActionMask = 2147483647;
			files = (
			);
			runOnlyForDeploymentPostprocessing = 0;
		};
/* End PBXResourcesBuildPhase section */

/* Begin PBXShellScriptBuildPhase section */
		4F698854F7F8096F6D6F79C6 /* [CP] Check Pods Manifest.lock */ = {
			isa = PBXShellScriptBuildPhase;
			buildActionMask = 2147483647;
			files = (
			);
			inputFileListPaths = (
			);
			inputPaths = (
				"${PODS_PODFILE_DIR_PATH}/Podfile.lock",
				"${PODS_ROOT}/Manifest.lock",
			);
			name = "[CP] Check Pods Manifest.lock";
			outputFileListPaths = (
			);
			outputPaths = (
				"$(DERIVED_FILE_DIR)/Pods-OpenBankMobileTests-checkManifestLockResult.txt",
			);
			runOnlyForDeploymentPostprocessing = 0;
			shellPath = /bin/sh;
			shellScript = "diff \"${PODS_PODFILE_DIR_PATH}/Podfile.lock\" \"${PODS_ROOT}/Manifest.lock\" > /dev/null\nif [ $? != 0 ] ; then\n    # print error to STDERR\n    echo \"error: The sandbox is not in sync with the Podfile.lock. Run 'pod install' or update your CocoaPods installation.\" >&2\n    exit 1\nfi\n# This output is used by Xcode 'outputs' to avoid re-running this script phase.\necho \"SUCCESS\" > \"${SCRIPT_OUTPUT_FILE_0}\"\n";
			showEnvVarsInLog = 0;
		};
		6EBE1EBA6D4A0F0F7C9531C9 /* [CP] Embed Pods Frameworks */ = {
			isa = PBXShellScriptBuildPhase;
			buildActionMask = 2147483647;
			files = (
			);
			inputFileListPaths = (
				"${PODS_ROOT}/Target Support Files/Pods-OpenBankMobile/Pods-OpenBankMobile-frameworks-${CONFIGURATION}-input-files.xcfilelist",
			);
			name = "[CP] Embed Pods Frameworks";
			outputFileListPaths = (
				"${PODS_ROOT}/Target Support Files/Pods-OpenBankMobile/Pods-OpenBankMobile-frameworks-${CONFIGURATION}-output-files.xcfilelist",
			);
			runOnlyForDeploymentPostprocessing = 0;
			shellPath = /bin/sh;
			shellScript = "\"${PODS_ROOT}/Target Support Files/Pods-OpenBankMobile/Pods-OpenBankMobile-frameworks.sh\"\n";
			showEnvVarsInLog = 0;
		};
		829EF48DD780053E7B265A24 /* [CP] Embed Pods Frameworks */ = {
			isa = PBXShellScriptBuildPhase;
			buildActionMask = 2147483647;
			files = (
			);
			inputFileListPaths = (
				"${PODS_ROOT}/Target Support Files/Pods-OpenBankMobile-OpenBankMobileUITests/Pods-OpenBankMobile-OpenBankMobileUITests-frameworks-${CONFIGURATION}-input-files.xcfilelist",
			);
			name = "[CP] Embed Pods Frameworks";
			outputFileListPaths = (
				"${PODS_ROOT}/Target Support Files/Pods-OpenBankMobile-OpenBankMobileUITests/Pods-OpenBankMobile-OpenBankMobileUITests-frameworks-${CONFIGURATION}-output-files.xcfilelist",
			);
			runOnlyForDeploymentPostprocessing = 0;
			shellPath = /bin/sh;
			shellScript = "\"${PODS_ROOT}/Target Support Files/Pods-OpenBankMobile-OpenBankMobileUITests/Pods-OpenBankMobile-OpenBankMobileUITests-frameworks.sh\"\n";
			showEnvVarsInLog = 0;
		};
		8ACD43EF7D528E258A042451 /* [CP] Check Pods Manifest.lock */ = {
			isa = PBXShellScriptBuildPhase;
			buildActionMask = 2147483647;
			files = (
			);
			inputFileListPaths = (
			);
			inputPaths = (
				"${PODS_PODFILE_DIR_PATH}/Podfile.lock",
				"${PODS_ROOT}/Manifest.lock",
			);
			name = "[CP] Check Pods Manifest.lock";
			outputFileListPaths = (
			);
			outputPaths = (
				"$(DERIVED_FILE_DIR)/Pods-OpenBankMobile-checkManifestLockResult.txt",
			);
			runOnlyForDeploymentPostprocessing = 0;
			shellPath = /bin/sh;
			shellScript = "diff \"${PODS_PODFILE_DIR_PATH}/Podfile.lock\" \"${PODS_ROOT}/Manifest.lock\" > /dev/null\nif [ $? != 0 ] ; then\n    # print error to STDERR\n    echo \"error: The sandbox is not in sync with the Podfile.lock. Run 'pod install' or update your CocoaPods installation.\" >&2\n    exit 1\nfi\n# This output is used by Xcode 'outputs' to avoid re-running this script phase.\necho \"SUCCESS\" > \"${SCRIPT_OUTPUT_FILE_0}\"\n";
			showEnvVarsInLog = 0;
		};
		BCE06864F76B60F51B4C8AB4 /* [CP] Check Pods Manifest.lock */ = {
			isa = PBXShellScriptBuildPhase;
			buildActionMask = 2147483647;
			files = (
			);
			inputFileListPaths = (
			);
			inputPaths = (
				"${PODS_PODFILE_DIR_PATH}/Podfile.lock",
				"${PODS_ROOT}/Manifest.lock",
			);
			name = "[CP] Check Pods Manifest.lock";
			outputFileListPaths = (
			);
			outputPaths = (
				"$(DERIVED_FILE_DIR)/Pods-OpenBankMobile-OpenBankMobileUITests-checkManifestLockResult.txt",
			);
			runOnlyForDeploymentPostprocessing = 0;
			shellPath = /bin/sh;
			shellScript = "diff \"${PODS_PODFILE_DIR_PATH}/Podfile.lock\" \"${PODS_ROOT}/Manifest.lock\" > /dev/null\nif [ $? != 0 ] ; then\n    # print error to STDERR\n    echo \"error: The sandbox is not in sync with the Podfile.lock. Run 'pod install' or update your CocoaPods installation.\" >&2\n    exit 1\nfi\n# This output is used by Xcode 'outputs' to avoid re-running this script phase.\necho \"SUCCESS\" > \"${SCRIPT_OUTPUT_FILE_0}\"\n";
			showEnvVarsInLog = 0;
		};
/* End PBXShellScriptBuildPhase section */

/* Begin PBXSourcesBuildPhase section */
		9CA066CE26F24DE00008E961 /* Sources */ = {
			isa = PBXSourcesBuildPhase;
			buildActionMask = 2147483647;
			files = (
				9CA0673626F7BBA60008E961 /* FetchSuperHeroesRequestParams.swift in Sources */,
				9CA066DA26F24DE00008E961 /* ViewController.swift in Sources */,
				9CA066D626F24DE00008E961 /* AppDelegate.swift in Sources */,
				9CA0672026F26AF40008E961 /* RootViewModel.swift in Sources */,
				9CA0672D26F788D10008E961 /* SuperHeroesServiceRequest.swift in Sources */,
				9CA0671526F267E80008E961 /* AppCoordinator.swift in Sources */,
				9CA0673226F792070008E961 /* SuperHero.swift in Sources */,
				9CA0672F26F78E640008E961 /* FetchSuperHeroesResponse+mapper+mapper.swift in Sources */,
				9CA0673426F7A0A40008E961 /* MD5.swift in Sources */,
				9CA0670926F253950008E961 /* APIConfiguration.swift in Sources */,
				9CA0672826F787520008E961 /* SuperHeroesRepository.swift in Sources */,
				9CA0671E26F269BE0008E961 /* RootViewController.swift in Sources */,
				9CA0671B26F268CF0008E961 /* RootCoordinator.swift in Sources */,
				9CA0670D26F253F80008E961 /* OnResult.swift in Sources */,
				9CA0671826F2684E0008E961 /* Coordinator.swift in Sources */,
				9CA0670726F253650008E961 /* APIClient.swift in Sources */,
				9CA0672B26F788470008E961 /* FetchSuperHeroesResponse.swift in Sources */,
				9CA0673A26F7BD510008E961 /* Encodable+Extension.swift in Sources */,
				9CA0670B26F253CC0008E961 /* APIError.swift in Sources */,
				9CA0671226F267730008E961 /* StoryboardInitiable.swift in Sources */,
				9CA0671026F266C10008E961 /* Constants.swift in Sources */,
			);
			runOnlyForDeploymentPostprocessing = 0;
		};
		9CA066E426F24DE20008E961 /* Sources */ = {
			isa = PBXSourcesBuildPhase;
			buildActionMask = 2147483647;
			files = (
				9CA066ED26F24DE20008E961 /* OpenBankMobileTests.swift in Sources */,
			);
			runOnlyForDeploymentPostprocessing = 0;
		};
		9CA066EF26F24DE20008E961 /* Sources */ = {
			isa = PBXSourcesBuildPhase;
			buildActionMask = 2147483647;
			files = (
				9CA066F826F24DE20008E961 /* OpenBankMobileUITests.swift in Sources */,
			);
			runOnlyForDeploymentPostprocessing = 0;
		};
/* End PBXSourcesBuildPhase section */

/* Begin PBXTargetDependency section */
		9CA066EA26F24DE20008E961 /* PBXTargetDependency */ = {
			isa = PBXTargetDependency;
			target = 9CA066D126F24DE00008E961 /* OpenBankMobile */;
			targetProxy = 9CA066E926F24DE20008E961 /* PBXContainerItemProxy */;
		};
		9CA066F526F24DE20008E961 /* PBXTargetDependency */ = {
			isa = PBXTargetDependency;
			target = 9CA066D126F24DE00008E961 /* OpenBankMobile */;
			targetProxy = 9CA066F426F24DE20008E961 /* PBXContainerItemProxy */;
		};
/* End PBXTargetDependency section */

/* Begin PBXVariantGroup section */
		9CA066E026F24DE20008E961 /* LaunchScreen.storyboard */ = {
			isa = PBXVariantGroup;
			children = (
				9CA066E126F24DE20008E961 /* Base */,
			);
			name = LaunchScreen.storyboard;
			sourceTree = "<group>";
		};
/* End PBXVariantGroup section */

/* Begin XCBuildConfiguration section */
		9CA066FA26F24DE20008E961 /* Debug */ = {
			isa = XCBuildConfiguration;
			buildSettings = {
				ALWAYS_SEARCH_USER_PATHS = NO;
				CLANG_ANALYZER_NONNULL = YES;
				CLANG_ANALYZER_NUMBER_OBJECT_CONVERSION = YES_AGGRESSIVE;
				CLANG_CXX_LANGUAGE_STANDARD = "gnu++14";
				CLANG_CXX_LIBRARY = "libc++";
				CLANG_ENABLE_MODULES = YES;
				CLANG_ENABLE_OBJC_ARC = YES;
				CLANG_ENABLE_OBJC_WEAK = YES;
				CLANG_WARN_BLOCK_CAPTURE_AUTORELEASING = YES;
				CLANG_WARN_BOOL_CONVERSION = YES;
				CLANG_WARN_COMMA = YES;
				CLANG_WARN_CONSTANT_CONVERSION = YES;
				CLANG_WARN_DEPRECATED_OBJC_IMPLEMENTATIONS = YES;
				CLANG_WARN_DIRECT_OBJC_ISA_USAGE = YES_ERROR;
				CLANG_WARN_DOCUMENTATION_COMMENTS = YES;
				CLANG_WARN_EMPTY_BODY = YES;
				CLANG_WARN_ENUM_CONVERSION = YES;
				CLANG_WARN_INFINITE_RECURSION = YES;
				CLANG_WARN_INT_CONVERSION = YES;
				CLANG_WARN_NON_LITERAL_NULL_CONVERSION = YES;
				CLANG_WARN_OBJC_IMPLICIT_RETAIN_SELF = YES;
				CLANG_WARN_OBJC_LITERAL_CONVERSION = YES;
				CLANG_WARN_OBJC_ROOT_CLASS = YES_ERROR;
				CLANG_WARN_QUOTED_INCLUDE_IN_FRAMEWORK_HEADER = YES;
				CLANG_WARN_RANGE_LOOP_ANALYSIS = YES;
				CLANG_WARN_STRICT_PROTOTYPES = YES;
				CLANG_WARN_SUSPICIOUS_MOVE = YES;
				CLANG_WARN_UNGUARDED_AVAILABILITY = YES_AGGRESSIVE;
				CLANG_WARN_UNREACHABLE_CODE = YES;
				CLANG_WARN__DUPLICATE_METHOD_MATCH = YES;
				COPY_PHASE_STRIP = NO;
				DEBUG_INFORMATION_FORMAT = dwarf;
				ENABLE_STRICT_OBJC_MSGSEND = YES;
				ENABLE_TESTABILITY = YES;
				GCC_C_LANGUAGE_STANDARD = gnu11;
				GCC_DYNAMIC_NO_PIC = NO;
				GCC_NO_COMMON_BLOCKS = YES;
				GCC_OPTIMIZATION_LEVEL = 0;
				GCC_PREPROCESSOR_DEFINITIONS = (
					"DEBUG=1",
					"$(inherited)",
				);
				GCC_WARN_64_TO_32_BIT_CONVERSION = YES;
				GCC_WARN_ABOUT_RETURN_TYPE = YES_ERROR;
				GCC_WARN_UNDECLARED_SELECTOR = YES;
				GCC_WARN_UNINITIALIZED_AUTOS = YES_AGGRESSIVE;
				GCC_WARN_UNUSED_FUNCTION = YES;
				GCC_WARN_UNUSED_VARIABLE = YES;
				IPHONEOS_DEPLOYMENT_TARGET = 14.5;
				MTL_ENABLE_DEBUG_INFO = INCLUDE_SOURCE;
				MTL_FAST_MATH = YES;
				ONLY_ACTIVE_ARCH = YES;
				SDKROOT = iphoneos;
				SWIFT_ACTIVE_COMPILATION_CONDITIONS = DEBUG;
				SWIFT_OPTIMIZATION_LEVEL = "-Onone";
			};
			name = Debug;
		};
		9CA066FB26F24DE20008E961 /* Release */ = {
			isa = XCBuildConfiguration;
			buildSettings = {
				ALWAYS_SEARCH_USER_PATHS = NO;
				CLANG_ANALYZER_NONNULL = YES;
				CLANG_ANALYZER_NUMBER_OBJECT_CONVERSION = YES_AGGRESSIVE;
				CLANG_CXX_LANGUAGE_STANDARD = "gnu++14";
				CLANG_CXX_LIBRARY = "libc++";
				CLANG_ENABLE_MODULES = YES;
				CLANG_ENABLE_OBJC_ARC = YES;
				CLANG_ENABLE_OBJC_WEAK = YES;
				CLANG_WARN_BLOCK_CAPTURE_AUTORELEASING = YES;
				CLANG_WARN_BOOL_CONVERSION = YES;
				CLANG_WARN_COMMA = YES;
				CLANG_WARN_CONSTANT_CONVERSION = YES;
				CLANG_WARN_DEPRECATED_OBJC_IMPLEMENTATIONS = YES;
				CLANG_WARN_DIRECT_OBJC_ISA_USAGE = YES_ERROR;
				CLANG_WARN_DOCUMENTATION_COMMENTS = YES;
				CLANG_WARN_EMPTY_BODY = YES;
				CLANG_WARN_ENUM_CONVERSION = YES;
				CLANG_WARN_INFINITE_RECURSION = YES;
				CLANG_WARN_INT_CONVERSION = YES;
				CLANG_WARN_NON_LITERAL_NULL_CONVERSION = YES;
				CLANG_WARN_OBJC_IMPLICIT_RETAIN_SELF = YES;
				CLANG_WARN_OBJC_LITERAL_CONVERSION = YES;
				CLANG_WARN_OBJC_ROOT_CLASS = YES_ERROR;
				CLANG_WARN_QUOTED_INCLUDE_IN_FRAMEWORK_HEADER = YES;
				CLANG_WARN_RANGE_LOOP_ANALYSIS = YES;
				CLANG_WARN_STRICT_PROTOTYPES = YES;
				CLANG_WARN_SUSPICIOUS_MOVE = YES;
				CLANG_WARN_UNGUARDED_AVAILABILITY = YES_AGGRESSIVE;
				CLANG_WARN_UNREACHABLE_CODE = YES;
				CLANG_WARN__DUPLICATE_METHOD_MATCH = YES;
				COPY_PHASE_STRIP = NO;
				DEBUG_INFORMATION_FORMAT = "dwarf-with-dsym";
				ENABLE_NS_ASSERTIONS = NO;
				ENABLE_STRICT_OBJC_MSGSEND = YES;
				GCC_C_LANGUAGE_STANDARD = gnu11;
				GCC_NO_COMMON_BLOCKS = YES;
				GCC_WARN_64_TO_32_BIT_CONVERSION = YES;
				GCC_WARN_ABOUT_RETURN_TYPE = YES_ERROR;
				GCC_WARN_UNDECLARED_SELECTOR = YES;
				GCC_WARN_UNINITIALIZED_AUTOS = YES_AGGRESSIVE;
				GCC_WARN_UNUSED_FUNCTION = YES;
				GCC_WARN_UNUSED_VARIABLE = YES;
				IPHONEOS_DEPLOYMENT_TARGET = 14.5;
				MTL_ENABLE_DEBUG_INFO = NO;
				MTL_FAST_MATH = YES;
				SDKROOT = iphoneos;
				SWIFT_COMPILATION_MODE = wholemodule;
				SWIFT_OPTIMIZATION_LEVEL = "-O";
				VALIDATE_PRODUCT = YES;
			};
			name = Release;
		};
		9CA066FD26F24DE20008E961 /* Debug */ = {
			isa = XCBuildConfiguration;
			baseConfigurationReference = 2123E935F2997DD446E461B7 /* Pods-OpenBankMobile.debug.xcconfig */;
			buildSettings = {
				ASSETCATALOG_COMPILER_APPICON_NAME = AppIcon;
				ASSETCATALOG_COMPILER_GLOBAL_ACCENT_COLOR_NAME = AccentColor;
				CODE_SIGN_STYLE = Automatic;
				DEVELOPMENT_TEAM = 3XPZ2XV3WU;
				INFOPLIST_FILE = OpenBankMobile/Info.plist;
				LD_RUNPATH_SEARCH_PATHS = (
					"$(inherited)",
					"@executable_path/Frameworks",
				);
				PRODUCT_BUNDLE_IDENTIFIER = com.eugeniobarquin.OpenBankMobile;
				PRODUCT_NAME = "$(TARGET_NAME)";
				SWIFT_VERSION = 5.0;
				TARGETED_DEVICE_FAMILY = "1,2";
			};
			name = Debug;
		};
		9CA066FE26F24DE20008E961 /* Release */ = {
			isa = XCBuildConfiguration;
			baseConfigurationReference = 37971A0C8CD2B3F7397E00F3 /* Pods-OpenBankMobile.release.xcconfig */;
			buildSettings = {
				ASSETCATALOG_COMPILER_APPICON_NAME = AppIcon;
				ASSETCATALOG_COMPILER_GLOBAL_ACCENT_COLOR_NAME = AccentColor;
				CODE_SIGN_STYLE = Automatic;
				DEVELOPMENT_TEAM = 3XPZ2XV3WU;
				INFOPLIST_FILE = OpenBankMobile/Info.plist;
				LD_RUNPATH_SEARCH_PATHS = (
					"$(inherited)",
					"@executable_path/Frameworks",
				);
				PRODUCT_BUNDLE_IDENTIFIER = com.eugeniobarquin.OpenBankMobile;
				PRODUCT_NAME = "$(TARGET_NAME)";
				SWIFT_VERSION = 5.0;
				TARGETED_DEVICE_FAMILY = "1,2";
			};
			name = Release;
		};
		9CA0670026F24DE20008E961 /* Debug */ = {
			isa = XCBuildConfiguration;
			baseConfigurationReference = 1E7C894A4E648A62BD91BF24 /* Pods-OpenBankMobileTests.debug.xcconfig */;
			buildSettings = {
				ALWAYS_EMBED_SWIFT_STANDARD_LIBRARIES = YES;
				BUNDLE_LOADER = "$(TEST_HOST)";
				CODE_SIGN_STYLE = Automatic;
				DEVELOPMENT_TEAM = 3XPZ2XV3WU;
				INFOPLIST_FILE = OpenBankMobileTests/Info.plist;
				IPHONEOS_DEPLOYMENT_TARGET = 14.5;
				LD_RUNPATH_SEARCH_PATHS = (
					"$(inherited)",
					"@executable_path/Frameworks",
					"@loader_path/Frameworks",
				);
				PRODUCT_BUNDLE_IDENTIFIER = com.eugeniobarquin.OpenBankMobileTests;
				PRODUCT_NAME = "$(TARGET_NAME)";
				SWIFT_VERSION = 5.0;
				TARGETED_DEVICE_FAMILY = "1,2";
				TEST_HOST = "$(BUILT_PRODUCTS_DIR)/OpenBankMobile.app/OpenBankMobile";
			};
			name = Debug;
		};
		9CA0670126F24DE20008E961 /* Release */ = {
			isa = XCBuildConfiguration;
			baseConfigurationReference = 7C01C0DE31614B989CA94B16 /* Pods-OpenBankMobileTests.release.xcconfig */;
			buildSettings = {
				ALWAYS_EMBED_SWIFT_STANDARD_LIBRARIES = YES;
				BUNDLE_LOADER = "$(TEST_HOST)";
				CODE_SIGN_STYLE = Automatic;
				DEVELOPMENT_TEAM = 3XPZ2XV3WU;
				INFOPLIST_FILE = OpenBankMobileTests/Info.plist;
				IPHONEOS_DEPLOYMENT_TARGET = 14.5;
				LD_RUNPATH_SEARCH_PATHS = (
					"$(inherited)",
					"@executable_path/Frameworks",
					"@loader_path/Frameworks",
				);
				PRODUCT_BUNDLE_IDENTIFIER = com.eugeniobarquin.OpenBankMobileTests;
				PRODUCT_NAME = "$(TARGET_NAME)";
				SWIFT_VERSION = 5.0;
				TARGETED_DEVICE_FAMILY = "1,2";
				TEST_HOST = "$(BUILT_PRODUCTS_DIR)/OpenBankMobile.app/OpenBankMobile";
			};
			name = Release;
		};
		9CA0670326F24DE20008E961 /* Debug */ = {
			isa = XCBuildConfiguration;
			baseConfigurationReference = 8D6AD4406DED9B402E393B5E /* Pods-OpenBankMobile-OpenBankMobileUITests.debug.xcconfig */;
			buildSettings = {
				ALWAYS_EMBED_SWIFT_STANDARD_LIBRARIES = YES;
				CODE_SIGN_STYLE = Automatic;
				DEVELOPMENT_TEAM = 3XPZ2XV3WU;
				INFOPLIST_FILE = OpenBankMobileUITests/Info.plist;
				LD_RUNPATH_SEARCH_PATHS = (
					"$(inherited)",
					"@executable_path/Frameworks",
					"@loader_path/Frameworks",
				);
				PRODUCT_BUNDLE_IDENTIFIER = com.eugeniobarquin.OpenBankMobileUITests;
				PRODUCT_NAME = "$(TARGET_NAME)";
				SWIFT_VERSION = 5.0;
				TARGETED_DEVICE_FAMILY = "1,2";
				TEST_TARGET_NAME = OpenBankMobile;
			};
			name = Debug;
		};
		9CA0670426F24DE20008E961 /* Release */ = {
			isa = XCBuildConfiguration;
			baseConfigurationReference = 47E53C19611C9AA9AD0A2B58 /* Pods-OpenBankMobile-OpenBankMobileUITests.release.xcconfig */;
			buildSettings = {
				ALWAYS_EMBED_SWIFT_STANDARD_LIBRARIES = YES;
				CODE_SIGN_STYLE = Automatic;
				DEVELOPMENT_TEAM = 3XPZ2XV3WU;
				INFOPLIST_FILE = OpenBankMobileUITests/Info.plist;
				LD_RUNPATH_SEARCH_PATHS = (
					"$(inherited)",
					"@executable_path/Frameworks",
					"@loader_path/Frameworks",
				);
				PRODUCT_BUNDLE_IDENTIFIER = com.eugeniobarquin.OpenBankMobileUITests;
				PRODUCT_NAME = "$(TARGET_NAME)";
				SWIFT_VERSION = 5.0;
				TARGETED_DEVICE_FAMILY = "1,2";
				TEST_TARGET_NAME = OpenBankMobile;
			};
			name = Release;
		};
/* End XCBuildConfiguration section */

/* Begin XCConfigurationList section */
		9CA066CD26F24DE00008E961 /* Build configuration list for PBXProject "OpenBankMobile" */ = {
			isa = XCConfigurationList;
			buildConfigurations = (
				9CA066FA26F24DE20008E961 /* Debug */,
				9CA066FB26F24DE20008E961 /* Release */,
			);
			defaultConfigurationIsVisible = 0;
			defaultConfigurationName = Release;
		};
		9CA066FC26F24DE20008E961 /* Build configuration list for PBXNativeTarget "OpenBankMobile" */ = {
			isa = XCConfigurationList;
			buildConfigurations = (
				9CA066FD26F24DE20008E961 /* Debug */,
				9CA066FE26F24DE20008E961 /* Release */,
			);
			defaultConfigurationIsVisible = 0;
			defaultConfigurationName = Release;
		};
		9CA066FF26F24DE20008E961 /* Build configuration list for PBXNativeTarget "OpenBankMobileTests" */ = {
			isa = XCConfigurationList;
			buildConfigurations = (
				9CA0670026F24DE20008E961 /* Debug */,
				9CA0670126F24DE20008E961 /* Release */,
			);
			defaultConfigurationIsVisible = 0;
			defaultConfigurationName = Release;
		};
		9CA0670226F24DE20008E961 /* Build configuration list for PBXNativeTarget "OpenBankMobileUITests" */ = {
			isa = XCConfigurationList;
			buildConfigurations = (
				9CA0670326F24DE20008E961 /* Debug */,
				9CA0670426F24DE20008E961 /* Release */,
			);
			defaultConfigurationIsVisible = 0;
			defaultConfigurationName = Release;
		};
/* End XCConfigurationList section */
	};
	rootObject = 9CA066CA26F24DE00008E961 /* Project object */;
}
